dependencies:
- name: common
  repository: https://charts.bitnami.com/bitnami
  version: 2.41.0
- name: app-template
  repository: https://bjw-s-labs.github.io/helm-charts
  version: 4.0.1
digest: sha256:2863c48663293c83c1ad66d71cccde70350b4c35cfdd4c098e96ea3a2565ad4c
generated: "2026-09-20T17:40:57.065673+02:00"
