dependencies:
- name: common
  repository: https://charts.bitnami.com/bitnami
  version: 2.41.0
- name: app-template
  repository: https://bjw-s-labs.github.io/helm-charts
  version: 4.0.1
digest: sha256:ded4a0ccce56075140bd694ad556073b6ccc2921732cda649fcef72488ddbcf3
generated: "2026-09-20T17:41:04.356261+02:00"
